{
  "object": {
    "pins": [
      {
        "package": "Kingfisher",
        "repositoryURL": "https://github.com/onevcat/Kingfisher.git",
        "state": {
          "branch": null,
          "revision": "44450a8f564d7c0165f736ba2250649ff8d3e556",
          "version": "6.3.0"
        }
      },
      {
        "package": "OmiseSDK",
        "repositoryURL": "https://github.com/omise/omise-ios.git",
        "state": {
          "branch": null,
          "revision": "ff8a4d909b4fd88fedd53662a83213f0cad4b285",
          "version": "4.3.2"
        }
      }
    ]
  },
  "version": 1
}
