// !$*UTF8*$!
{
	archiveVersion = 1;
	classes = {
	};
	objectVersion = 52;
	objects = {

/* Begin PBXBuildFile section */
		16431D292661FE720003709F /* CharitiesViewController.swift in Sources */ = {isa = PBXBuildFile; fileRef = 16431D282661FE720003709F /* CharitiesViewController.swift */; };
		16431D2B2661FE970003709F /* CharitiesViewControllerTests.swift in Sources */ = {isa = PBXBuildFile; fileRef = 16431D2A2661FE970003709F /* CharitiesViewControllerTests.swift */; };
		16431D2D2661FEBF0003709F /* CharitiesDataSource.swift in Sources */ = {isa = PBXBuildFile; fileRef = 16431D2C2661FEBF0003709F /* CharitiesDataSource.swift */; };
		16698EB6266BDA3F00EC163B /* libTamboonAPI.a in Frameworks */ = {isa = PBXBuildFile; fileRef = 16698EB5266BDA3F00EC163B /* libTamboonAPI.a */; };
		16895FED266DCE23001062FD /* Kingfisher in Frameworks */ = {isa = PBXBuildFile; productRef = 16895FEC266DCE23001062FD /* Kingfisher */; };
		16895FF0266DD15C001062FD /* UIImage+setImage.swift in Sources */ = {isa = PBXBuildFile; fileRef = 16895FEF266DD15C001062FD /* UIImage+setImage.swift */; };
		16895FF2266DD196001062FD /* Value+placeholder.swift in Sources */ = {isa = PBXBuildFile; fileRef = 16895FF1266DD196001062FD /* Value+placeholder.swift */; };
		168A39CA2661F852004FC38C /* AppDelegate.swift in Sources */ = {isa = PBXBuildFile; fileRef = 168A39C92661F852004FC38C /* AppDelegate.swift */; };
		168A39CC2661F852004FC38C /* SceneDelegate.swift in Sources */ = {isa = PBXBuildFile; fileRef = 168A39CB2661F852004FC38C /* SceneDelegate.swift */; };
		168A39CE2661F852004FC38C /* ViewController.swift in Sources */ = {isa = PBXBuildFile; fileRef = 168A39CD2661F852004FC38C /* ViewController.swift */; };
		168A39D12661F852004FC38C /* Main.storyboard in Resources */ = {isa = PBXBuildFile; fileRef = 168A39CF2661F852004FC38C /* Main.storyboard */; };
		168A39D32661F853004FC38C /* Assets.xcassets in Resources */ = {isa = PBXBuildFile; fileRef = 168A39D22661F853004FC38C /* Assets.xcassets */; };
		168A39D62661F853004FC38C /* LaunchScreen.storyboard in Resources */ = {isa = PBXBuildFile; fileRef = 168A39D42661F853004FC38C /* LaunchScreen.storyboard */; };
		168A39E12661F853004FC38C /* TestCase.swift in Sources */ = {isa = PBXBuildFile; fileRef = 168A39E02661F853004FC38C /* TestCase.swift */; };
		168A39EC2661F853004FC38C /* TamboonUITests.swift in Sources */ = {isa = PBXBuildFile; fileRef = 168A39EB2661F853004FC38C /* TamboonUITests.swift */; };
		16E518F4266C87D400B2CD77 /* URLSessionSpy.swift in Sources */ = {isa = PBXBuildFile; fileRef = 16E518F3266C87D400B2CD77 /* URLSessionSpy.swift */; };
		16E518F7266C8A5D00B2CD77 /* APIError.swift in Sources */ = {isa = PBXBuildFile; fileRef = 16E518F6266C8A5D00B2CD77 /* APIError.swift */; };
		16E518F9266C8A8200B2CD77 /* URLSessionDataTaskSpy.swift in Sources */ = {isa = PBXBuildFile; fileRef = 16E518F8266C8A8200B2CD77 /* URLSessionDataTaskSpy.swift */; };
		16E518FB266C8B2400B2CD77 /* CharitiesWorkerTests.swift in Sources */ = {isa = PBXBuildFile; fileRef = 16E518FA266C8B2400B2CD77 /* CharitiesWorkerTests.swift */; };
		16E518FD266C8C7F00B2CD77 /* CharitiesPresenter.swift in Sources */ = {isa = PBXBuildFile; fileRef = 16E518FC266C8C7F00B2CD77 /* CharitiesPresenter.swift */; };
		16E518FF266C8DE300B2CD77 /* CharitiesPresenterSpy.swift in Sources */ = {isa = PBXBuildFile; fileRef = 16E518FE266C8DE300B2CD77 /* CharitiesPresenterSpy.swift */; };
		16E51905266C934A00B2CD77 /* CharitiesTests.json in Resources */ = {isa = PBXBuildFile; fileRef = 16E51903266C934100B2CD77 /* CharitiesTests.json */; };
		16F57090266BC6380094D4EA /* OmiseSDK in Frameworks */ = {isa = PBXBuildFile; productRef = 16F5708F266BC6380094D4EA /* OmiseSDK */; };
		16F57091266BC6380094D4EA /* OmiseSDK in Embed Frameworks */ = {isa = PBXBuildFile; productRef = 16F5708F266BC6380094D4EA /* OmiseSDK */; settings = {ATTRIBUTES = (CodeSignOnCopy, ); }; };
		16F57094266BC7BD0094D4EA /* CharitiesDataSourceTests.swift in Sources */ = {isa = PBXBuildFile; fileRef = 16F57093266BC7BD0094D4EA /* CharitiesDataSourceTests.swift */; };
		16F57096266BC9CC0094D4EA /* CharitiesInteractor.swift in Sources */ = {isa = PBXBuildFile; fileRef = 16F57095266BC9CC0094D4EA /* CharitiesInteractor.swift */; };
		16F57098266BCA160094D4EA /* CharitiesInteractorSpy.swift in Sources */ = {isa = PBXBuildFile; fileRef = 16F57097266BCA160094D4EA /* CharitiesInteractorSpy.swift */; };
		16F5709A266BD2F20094D4EA /* CharitiesWorker.swift in Sources */ = {isa = PBXBuildFile; fileRef = 16F57099266BD2F20094D4EA /* CharitiesWorker.swift */; };
		16F5709C266BD3530094D4EA /* Charity.swift in Sources */ = {isa = PBXBuildFile; fileRef = 16F5709B266BD3530094D4EA /* Charity.swift */; };
		16F5709E266BD4080094D4EA /* CharitiesInteractorTests.swift in Sources */ = {isa = PBXBuildFile; fileRef = 16F5709D266BD4080094D4EA /* CharitiesInteractorTests.swift */; };
		16F570A0266BD4530094D4EA /* CharitiesWorkerSpy.swift in Sources */ = {isa = PBXBuildFile; fileRef = 16F5709F266BD4530094D4EA /* CharitiesWorkerSpy.swift */; };
/* End PBXBuildFile section */

/* Begin PBXContainerItemProxy section */
		168A39DD2661F853004FC38C /* PBXContainerItemProxy */ = {
			isa = PBXContainerItemProxy;
			containerPortal = 168A39BE2661F852004FC38C /* Project object */;
			proxyType = 1;
			remoteGlobalIDString = 168A39C52661F852004FC38C;
			remoteInfo = Tamboon;
		};
		168A39E82661F853004FC38C /* PBXContainerItemProxy */ = {
			isa = PBXContainerItemProxy;
			containerPortal = 168A39BE2661F852004FC38C /* Project object */;
			proxyType = 1;
			remoteGlobalIDString = 168A39C52661F852004FC38C;
			remoteInfo = Tamboon;
		};
/* End PBXContainerItemProxy section */

/* Begin PBXCopyFilesBuildPhase section */
		16F57092266BC6380094D4EA /* Embed Frameworks */ = {
			isa = PBXCopyFilesBuildPhase;
			buildActionMask = 2147483647;
			dstPath = "";
			dstSubfolderSpec = 10;
			files = (
				16F57091266BC6380094D4EA /* OmiseSDK in Embed Frameworks */,
			);
			name = "Embed Frameworks";
			runOnlyForDeploymentPostprocessing = 0;
		};
/* End PBXCopyFilesBuildPhase section */

/* Begin PBXFileReference section */
		16431D282661FE720003709F /* CharitiesViewController.swift */ = {isa = PBXFileReference; lastKnownFileType = sourcecode.swift; path = CharitiesViewController.swift; sourceTree = "<group>"; };
		16431D2A2661FE970003709F /* CharitiesViewControllerTests.swift */ = {isa = PBXFileReference; lastKnownFileType = sourcecode.swift; path = CharitiesViewControllerTests.swift; sourceTree = "<group>"; };
		16431D2C2661FEBF0003709F /* CharitiesDataSource.swift */ = {isa = PBXFileReference; lastKnownFileType = sourcecode.swift; path = CharitiesDataSource.swift; sourceTree = "<group>"; };
		16698EB5266BDA3F00EC163B /* libTamboonAPI.a */ = {isa = PBXFileReference; explicitFileType = archive.ar; path = libTamboonAPI.a; sourceTree = BUILT_PRODUCTS_DIR; };
		16895F11266DC266001062FD /* InfoDebug.plist */ = {isa = PBXFileReference; lastKnownFileType = text.plist.xml; path = InfoDebug.plist; sourceTree = "<group>"; };
		16895FEF266DD15C001062FD /* UIImage+setImage.swift */ = {isa = PBXFileReference; fileEncoding = 4; lastKnownFileType = sourcecode.swift; path = "UIImage+setImage.swift"; sourceTree = "<group>"; };
		16895FF1266DD196001062FD /* Value+placeholder.swift */ = {isa = PBXFileReference; fileEncoding = 4; lastKnownFileType = sourcecode.swift; path = "Value+placeholder.swift"; sourceTree = "<group>"; };
		168A39C62661F852004FC38C /* Tamboon.app */ = {isa = PBXFileReference; explicitFileType = wrapper.application; includeInIndex = 0; path = Tamboon.app; sourceTree = BUILT_PRODUCTS_DIR; };
		168A39C92661F852004FC38C /* AppDelegate.swift */ = {isa = PBXFileReference; lastKnownFileType = sourcecode.swift; path = AppDelegate.swift; sourceTree = "<group>"; };
		168A39CB2661F852004FC38C /* SceneDelegate.swift */ = {isa = PBXFileReference; lastKnownFileType = sourcecode.swift; path = SceneDelegate.swift; sourceTree = "<group>"; };
		168A39CD2661F852004FC38C /* ViewController.swift */ = {isa = PBXFileReference; lastKnownFileType = sourcecode.swift; path = ViewController.swift; sourceTree = "<group>"; };
		168A39D02661F852004FC38C /* Base */ = {isa = PBXFileReference; lastKnownFileType = file.storyboard; name = Base; path = Base.lproj/Main.storyboard; sourceTree = "<group>"; };
		168A39D22661F853004FC38C /* Assets.xcassets */ = {isa = PBXFileReference; lastKnownFileType = folder.assetcatalog; path = Assets.xcassets; sourceTree = "<group>"; };
		168A39D52661F853004FC38C /* Base */ = {isa = PBXFileReference; lastKnownFileType = file.storyboard; name = Base; path = Base.lproj/LaunchScreen.storyboard; sourceTree = "<group>"; };
		168A39D72661F853004FC38C /* Info.plist */ = {isa = PBXFileReference; lastKnownFileType = text.plist.xml; path = Info.plist; sourceTree = "<group>"; };
		168A39DC2661F853004FC38C /* TamboonTests.xctest */ = {isa = PBXFileReference; explicitFileType = wrapper.cfbundle; includeInIndex = 0; path = TamboonTests.xctest; sourceTree = BUILT_PRODUCTS_DIR; };
		168A39E02661F853004FC38C /* TestCase.swift */ = {isa = PBXFileReference; lastKnownFileType = sourcecode.swift; path = TestCase.swift; sourceTree = "<group>"; };
		168A39E22661F853004FC38C /* Info.plist */ = {isa = PBXFileReference; lastKnownFileType = text.plist.xml; path = Info.plist; sourceTree = "<group>"; };
		168A39E72661F853004FC38C /* TamboonUITests.xctest */ = {isa = PBXFileReference; explicitFileType = wrapper.cfbundle; includeInIndex = 0; path = TamboonUITests.xctest; sourceTree = BUILT_PRODUCTS_DIR; };
		168A39EB2661F853004FC38C /* TamboonUITests.swift */ = {isa = PBXFileReference; lastKnownFileType = sourcecode.swift; path = TamboonUITests.swift; sourceTree = "<group>"; };
		168A39ED2661F853004FC38C /* Info.plist */ = {isa = PBXFileReference; lastKnownFileType = text.plist.xml; path = Info.plist; sourceTree = "<group>"; };
		16E518F3266C87D400B2CD77 /* URLSessionSpy.swift */ = {isa = PBXFileReference; lastKnownFileType = sourcecode.swift; path = URLSessionSpy.swift; sourceTree = "<group>"; };
		16E518F6266C8A5D00B2CD77 /* APIError.swift */ = {isa = PBXFileReference; lastKnownFileType = sourcecode.swift; path = APIError.swift; sourceTree = "<group>"; };
		16E518F8266C8A8200B2CD77 /* URLSessionDataTaskSpy.swift */ = {isa = PBXFileReference; lastKnownFileType = sourcecode.swift; path = URLSessionDataTaskSpy.swift; sourceTree = "<group>"; };
		16E518FA266C8B2400B2CD77 /* CharitiesWorkerTests.swift */ = {isa = PBXFileReference; lastKnownFileType = sourcecode.swift; path = CharitiesWorkerTests.swift; sourceTree = "<group>"; };
		16E518FC266C8C7F00B2CD77 /* CharitiesPresenter.swift */ = {isa = PBXFileReference; lastKnownFileType = sourcecode.swift; path = CharitiesPresenter.swift; sourceTree = "<group>"; };
		16E518FE266C8DE300B2CD77 /* CharitiesPresenterSpy.swift */ = {isa = PBXFileReference; lastKnownFileType = sourcecode.swift; path = CharitiesPresenterSpy.swift; sourceTree = "<group>"; };
		16E51903266C934100B2CD77 /* CharitiesTests.json */ = {isa = PBXFileReference; lastKnownFileType = text.json; path = CharitiesTests.json; sourceTree = "<group>"; };
		16F57093266BC7BD0094D4EA /* CharitiesDataSourceTests.swift */ = {isa = PBXFileReference; lastKnownFileType = sourcecode.swift; path = CharitiesDataSourceTests.swift; sourceTree = "<group>"; };
		16F57095266BC9CC0094D4EA /* CharitiesInteractor.swift */ = {isa = PBXFileReference; lastKnownFileType = sourcecode.swift; path = CharitiesInteractor.swift; sourceTree = "<group>"; };
		16F57097266BCA160094D4EA /* CharitiesInteractorSpy.swift */ = {isa = PBXFileReference; lastKnownFileType = sourcecode.swift; path = CharitiesInteractorSpy.swift; sourceTree = "<group>"; };
		16F57099266BD2F20094D4EA /* CharitiesWorker.swift */ = {isa = PBXFileReference; lastKnownFileType = sourcecode.swift; path = CharitiesWorker.swift; sourceTree = "<group>"; };
		16F5709B266BD3530094D4EA /* Charity.swift */ = {isa = PBXFileReference; lastKnownFileType = sourcecode.swift; path = Charity.swift; sourceTree = "<group>"; };
		16F5709D266BD4080094D4EA /* CharitiesInteractorTests.swift */ = {isa = PBXFileReference; lastKnownFileType = sourcecode.swift; path = CharitiesInteractorTests.swift; sourceTree = "<group>"; };
		16F5709F266BD4530094D4EA /* CharitiesWorkerSpy.swift */ = {isa = PBXFileReference; lastKnownFileType = sourcecode.swift; path = CharitiesWorkerSpy.swift; sourceTree = "<group>"; };
/* End PBXFileReference section */

/* Begin PBXFrameworksBuildPhase section */
		168A39C32661F852004FC38C /* Frameworks */ = {
			isa = PBXFrameworksBuildPhase;
			buildActionMask = 2147483647;
			files = (
				16895FED266DCE23001062FD /* Kingfisher in Frameworks */,
				16F57090266BC6380094D4EA /* OmiseSDK in Frameworks */,
				16698EB6266BDA3F00EC163B /* libTamboonAPI.a in Frameworks */,
			);
			runOnlyForDeploymentPostprocessing = 0;
		};
		168A39D92661F853004FC38C /* Frameworks */ = {
			isa = PBXFrameworksBuildPhase;
			buildActionMask = 2147483647;
			files = (
			);
			runOnlyForDeploymentPostprocessing = 0;
		};
		168A39E42661F853004FC38C /* Frameworks */ = {
			isa = PBXFrameworksBuildPhase;
			buildActionMask = 2147483647;
			files = (
			);
			runOnlyForDeploymentPostprocessing = 0;
		};
/* End PBXFrameworksBuildPhase section */

/* Begin PBXGroup section */
		16431D272661FE560003709F /* Charities */ = {
			isa = PBXGroup;
			children = (
				16431D2C2661FEBF0003709F /* CharitiesDataSource.swift */,
				16F57093266BC7BD0094D4EA /* CharitiesDataSourceTests.swift */,
				16F57095266BC9CC0094D4EA /* CharitiesInteractor.swift */,
				16F57097266BCA160094D4EA /* CharitiesInteractorSpy.swift */,
				16F5709D266BD4080094D4EA /* CharitiesInteractorTests.swift */,
				16E518FC266C8C7F00B2CD77 /* CharitiesPresenter.swift */,
				16E518FE266C8DE300B2CD77 /* CharitiesPresenterSpy.swift */,
				16E51903266C934100B2CD77 /* CharitiesTests.json */,
				16431D282661FE720003709F /* CharitiesViewController.swift */,
				16431D2A2661FE970003709F /* CharitiesViewControllerTests.swift */,
				16E518F5266C8A4800B2CD77 /* Worker */,
			);
			path = Charities;
			sourceTree = "<group>";
		};
		16698EB4266BDA3F00EC163B /* Frameworks */ = {
			isa = PBXGroup;
			children = (
				16698EB5266BDA3F00EC163B /* libTamboonAPI.a */,
			);
			name = Frameworks;
			sourceTree = "<group>";
		};
		16895FEE266DD15C001062FD /* Library */ = {
			isa = PBXGroup;
			children = (
				16895FEF266DD15C001062FD /* UIImage+setImage.swift */,
			);
			path = Library;
			sourceTree = "<group>";
		};
		168A39BD2661F852004FC38C = {
			isa = PBXGroup;
			children = (
				16698EB4266BDA3F00EC163B /* Frameworks */,
				168A39C72661F852004FC38C /* Products */,
				168A39C82661F852004FC38C /* Tamboon */,
				168A39DF2661F853004FC38C /* TamboonTests */,
				168A39EA2661F853004FC38C /* TamboonUITests */,
			);
			sourceTree = "<group>";
		};
		168A39C72661F852004FC38C /* Products */ = {
			isa = PBXGroup;
			children = (
				168A39C62661F852004FC38C /* Tamboon.app */,
				168A39DC2661F853004FC38C /* TamboonTests.xctest */,
				168A39E72661F853004FC38C /* TamboonUITests.xctest */,
			);
			name = Products;
			sourceTree = "<group>";
		};
		168A39C82661F852004FC38C /* Tamboon */ = {
			isa = PBXGroup;
			children = (
				168A39C92661F852004FC38C /* AppDelegate.swift */,
				168A39D22661F853004FC38C /* Assets.xcassets */,
				16431D272661FE560003709F /* Charities */,
				168A39D72661F853004FC38C /* Info.plist */,
				16895F11266DC266001062FD /* InfoDebug.plist */,
				168A39D42661F853004FC38C /* LaunchScreen.storyboard */,
				16895FEE266DD15C001062FD /* Library */,
				168A39CF2661F852004FC38C /* Main.storyboard */,
				168A39CB2661F852004FC38C /* SceneDelegate.swift */,
				168A39CD2661F852004FC38C /* ViewController.swift */,
			);
			path = Tamboon;
			sourceTree = "<group>";
		};
		168A39DF2661F853004FC38C /* TamboonTests */ = {
			isa = PBXGroup;
			children = (
				168A39E22661F853004FC38C /* Info.plist */,
				168A39E02661F853004FC38C /* TestCase.swift */,
				16895FF1266DD196001062FD /* Value+placeholder.swift */,
			);
			path = TamboonTests;
			sourceTree = "<group>";
		};
		168A39EA2661F853004FC38C /* TamboonUITests */ = {
			isa = PBXGroup;
			children = (
				168A39EB2661F853004FC38C /* TamboonUITests.swift */,
				168A39ED2661F853004FC38C /* Info.plist */,
			);
			path = TamboonUITests;
			sourceTree = "<group>";
		};
		16E518F5266C8A4800B2CD77 /* Worker */ = {
			isa = PBXGroup;
			children = (
				16E518F6266C8A5D00B2CD77 /* APIError.swift */,
				16F57099266BD2F20094D4EA /* CharitiesWorker.swift */,
				16F5709F266BD4530094D4EA /* CharitiesWorkerSpy.swift */,
				16E518FA266C8B2400B2CD77 /* CharitiesWorkerTests.swift */,
				16F5709B266BD3530094D4EA /* Charity.swift */,
				16E518F8266C8A8200B2CD77 /* URLSessionDataTaskSpy.swift */,
				16E518F3266C87D400B2CD77 /* URLSessionSpy.swift */,
			);
			path = Worker;
			sourceTree = "<group>";
		};
/* End PBXGroup section */

/* Begin PBXNativeTarget section */
		168A39C52661F852004FC38C /* Tamboon */ = {
			isa = PBXNativeTarget;
			buildConfigurationList = 168A39F02661F853004FC38C /* Build configuration list for PBXNativeTarget "Tamboon" */;
			buildPhases = (
				168A39C22661F852004FC38C /* Sources */,
				168A39C32661F852004FC38C /* Frameworks */,
				168A39C42661F852004FC38C /* Resources */,
				16F57092266BC6380094D4EA /* Embed Frameworks */,
			);
			buildRules = (
			);
			dependencies = (
			);
			name = Tamboon;
			packageProductDependencies = (
				16F5708F266BC6380094D4EA /* OmiseSDK */,
				16895FEC266DCE23001062FD /* Kingfisher */,
			);
			productName = Tamboon;
			productReference = 168A39C62661F852004FC38C /* Tamboon.app */;
			productType = "com.apple.product-type.application";
		};
		168A39DB2661F853004FC38C /* TamboonTests */ = {
			isa = PBXNativeTarget;
			buildConfigurationList = 168A39F32661F853004FC38C /* Build configuration list for PBXNativeTarget "TamboonTests" */;
			buildPhases = (
				168A39D82661F853004FC38C /* Sources */,
				168A39D92661F853004FC38C /* Frameworks */,
				168A39DA2661F853004FC38C /* Resources */,
			);
			buildRules = (
			);
			dependencies = (
				168A39DE2661F853004FC38C /* PBXTargetDependency */,
			);
			name = TamboonTests;
			productName = TamboonTests;
			productReference = 168A39DC2661F853004FC38C /* TamboonTests.xctest */;
			productType = "com.apple.product-type.bundle.unit-test";
		};
		168A39E62661F853004FC38C /* TamboonUITests */ = {
			isa = PBXNativeTarget;
			buildConfigurationList = 168A39F62661F853004FC38C /* Build configuration list for PBXNativeTarget "TamboonUITests" */;
			buildPhases = (
				168A39E32661F853004FC38C /* Sources */,
				168A39E42661F853004FC38C /* Frameworks */,
				168A39E52661F853004FC38C /* Resources */,
			);
			buildRules = (
			);
			dependencies = (
				168A39E92661F853004FC38C /* PBXTargetDependency */,
			);
			name = TamboonUITests;
			productName = TamboonUITests;
			productReference = 168A39E72661F853004FC38C /* TamboonUITests.xctest */;
			productType = "com.apple.product-type.bundle.ui-testing";
		};
/* End PBXNativeTarget section */

/* Begin PBXProject section */
		168A39BE2661F852004FC38C /* Project object */ = {
			isa = PBXProject;
			attributes = {
				LastSwiftUpdateCheck = 1250;
				LastUpgradeCheck = 1250;
				TargetAttributes = {
					168A39C52661F852004FC38C = {
						CreatedOnToolsVersion = 12.5;
					};
					168A39DB2661F853004FC38C = {
						CreatedOnToolsVersion = 12.5;
						TestTargetID = 168A39C52661F852004FC38C;
					};
					168A39E62661F853004FC38C = {
						CreatedOnToolsVersion = 12.5;
						TestTargetID = 168A39C52661F852004FC38C;
					};
				};
			};
			buildConfigurationList = 168A39C12661F852004FC38C /* Build configuration list for PBXProject "Tamboon" */;
			compatibilityVersion = "Xcode 9.3";
			developmentRegion = en;
			hasScannedForEncodings = 0;
			knownRegions = (
				en,
				Base,
			);
			mainGroup = 168A39BD2661F852004FC38C;
			packageReferences = (
				16F5708E266BC6380094D4EA /* XCRemoteSwiftPackageReference "omise-ios" */,
				16895FEB266DCE23001062FD /* XCRemoteSwiftPackageReference "Kingfisher" */,
			);
			productRefGroup = 168A39C72661F852004FC38C /* Products */;
			projectDirPath = "";
			projectRoot = "";
			targets = (
				168A39C52661F852004FC38C /* Tamboon */,
				168A39DB2661F853004FC38C /* TamboonTests */,
				168A39E62661F853004FC38C /* TamboonUITests */,
			);
		};
/* End PBXProject section */

/* Begin PBXResourcesBuildPhase section */
		168A39C42661F852004FC38C /* Resources */ = {
			isa = PBXResourcesBuildPhase;
			buildActionMask = 2147483647;
			files = (
				168A39D62661F853004FC38C /* LaunchScreen.storyboard in Resources */,
				168A39D32661F853004FC38C /* Assets.xcassets in Resources */,
				168A39D12661F852004FC38C /* Main.storyboard in Resources */,
			);
			runOnlyForDeploymentPostprocessing = 0;
		};
		168A39DA2661F853004FC38C /* Resources */ = {
			isa = PBXResourcesBuildPhase;
			buildActionMask = 2147483647;
			files = (
				16E51905266C934A00B2CD77 /* CharitiesTests.json in Resources */,
			);
			runOnlyForDeploymentPostprocessing = 0;
		};
		168A39E52661F853004FC38C /* Resources */ = {
			isa = PBXResourcesBuildPhase;
			buildActionMask = 2147483647;
			files = (
			);
			runOnlyForDeploymentPostprocessing = 0;
		};
/* End PBXResourcesBuildPhase section */

/* Begin PBXSourcesBuildPhase section */
		168A39C22661F852004FC38C /* Sources */ = {
			isa = PBXSourcesBuildPhase;
			buildActionMask = 2147483647;
			files = (
				16F5709A266BD2F20094D4EA /* CharitiesWorker.swift in Sources */,
				16E518FD266C8C7F00B2CD77 /* CharitiesPresenter.swift in Sources */,
				16895FF0266DD15C001062FD /* UIImage+setImage.swift in Sources */,
				168A39CE2661F852004FC38C /* ViewController.swift in Sources */,
				16431D2D2661FEBF0003709F /* CharitiesDataSource.swift in Sources */,
				168A39CA2661F852004FC38C /* AppDelegate.swift in Sources */,
				16F5709C266BD3530094D4EA /* Charity.swift in Sources */,
				168A39CC2661F852004FC38C /* SceneDelegate.swift in Sources */,
				16431D292661FE720003709F /* CharitiesViewController.swift in Sources */,
				16F57096266BC9CC0094D4EA /* CharitiesInteractor.swift in Sources */,
				16E518F7266C8A5D00B2CD77 /* APIError.swift in Sources */,
			);
			runOnlyForDeploymentPostprocessing = 0;
		};
		168A39D82661F853004FC38C /* Sources */ = {
			isa = PBXSourcesBuildPhase;
			buildActionMask = 2147483647;
			files = (
				16895FF2266DD196001062FD /* Value+placeholder.swift in Sources */,
				168A39E12661F853004FC38C /* TestCase.swift in Sources */,
				16F57094266BC7BD0094D4EA /* CharitiesDataSourceTests.swift in Sources */,
				16E518FB266C8B2400B2CD77 /* CharitiesWorkerTests.swift in Sources */,
				16F57098266BCA160094D4EA /* CharitiesInteractorSpy.swift in Sources */,
				16E518F4266C87D400B2CD77 /* URLSessionSpy.swift in Sources */,
				16431D2B2661FE970003709F /* CharitiesViewControllerTests.swift in Sources */,
				16E518FF266C8DE300B2CD77 /* CharitiesPresenterSpy.swift in Sources */,
				16F5709E266BD4080094D4EA /* CharitiesInteractorTests.swift in Sources */,
				16E518F9266C8A8200B2CD77 /* URLSessionDataTaskSpy.swift in Sources */,
				16F570A0266BD4530094D4EA /* CharitiesWorkerSpy.swift in Sources */,
			);
			runOnlyForDeploymentPostprocessing = 0;
		};
		168A39E32661F853004FC38C /* Sources */ = {
			isa = PBXSourcesBuildPhase;
			buildActionMask = 2147483647;
			files = (
				168A39EC2661F853004FC38C /* TamboonUITests.swift in Sources */,
			);
			runOnlyForDeploymentPostprocessing = 0;
		};
/* End PBXSourcesBuildPhase section */

/* Begin PBXTargetDependency section */
		168A39DE2661F853004FC38C /* PBXTargetDependency */ = {
			isa = PBXTargetDependency;
			target = 168A39C52661F852004FC38C /* Tamboon */;
			targetProxy = 168A39DD2661F853004FC38C /* PBXContainerItemProxy */;
		};
		168A39E92661F853004FC38C /* PBXTargetDependency */ = {
			isa = PBXTargetDependency;
			target = 168A39C52661F852004FC38C /* Tamboon */;
			targetProxy = 168A39E82661F853004FC38C /* PBXContainerItemProxy */;
		};
/* End PBXTargetDependency section */

/* Begin PBXVariantGroup section */
		168A39CF2661F852004FC38C /* Main.storyboard */ = {
			isa = PBXVariantGroup;
			children = (
				168A39D02661F852004FC38C /* Base */,
			);
			name = Main.storyboard;
			sourceTree = "<group>";
		};
		168A39D42661F853004FC38C /* LaunchScreen.storyboard */ = {
			isa = PBXVariantGroup;
			children = (
				168A39D52661F853004FC38C /* Base */,
			);
			name = LaunchScreen.storyboard;
			sourceTree = "<group>";
		};
/* End PBXVariantGroup section */

/* Begin XCBuildConfiguration section */
		168A39EE2661F853004FC38C /* Debug */ = {
			isa = XCBuildConfiguration;
			buildSettings = {
				ALWAYS_SEARCH_USER_PATHS = NO;
				CLANG_ANALYZER_NONNULL = YES;
				CLANG_ANALYZER_NUMBER_OBJECT_CONVERSION = YES_AGGRESSIVE;
				CLANG_CXX_LANGUAGE_STANDARD = "gnu++14";
				CLANG_CXX_LIBRARY = "libc++";
				CLANG_ENABLE_MODULES = YES;
				CLANG_ENABLE_OBJC_ARC = YES;
				CLANG_ENABLE_OBJC_WEAK = YES;
				CLANG_WARN_BLOCK_CAPTURE_AUTORELEASING = YES;
				CLANG_WARN_BOOL_CONVERSION = YES;
				CLANG_WARN_COMMA = YES;
				CLANG_WARN_CONSTANT_CONVERSION = YES;
				CLANG_WARN_DEPRECATED_OBJC_IMPLEMENTATIONS = YES;
				CLANG_WARN_DIRECT_OBJC_ISA_USAGE = YES_ERROR;
				CLANG_WARN_DOCUMENTATION_COMMENTS = YES;
				CLANG_WARN_EMPTY_BODY = YES;
				CLANG_WARN_ENUM_CONVERSION = YES;
				CLANG_WARN_INFINITE_RECURSION = YES;
				CLANG_WARN_INT_CONVERSION = YES;
				CLANG_WARN_NON_LITERAL_NULL_CONVERSION = YES;
				CLANG_WARN_OBJC_IMPLICIT_RETAIN_SELF = YES;
				CLANG_WARN_OBJC_LITERAL_CONVERSION = YES;
				CLANG_WARN_OBJC_ROOT_CLASS = YES_ERROR;
				CLANG_WARN_QUOTED_INCLUDE_IN_FRAMEWORK_HEADER = YES;
				CLANG_WARN_RANGE_LOOP_ANALYSIS = YES;
				CLANG_WARN_STRICT_PROTOTYPES = YES;
				CLANG_WARN_SUSPICIOUS_MOVE = YES;
				CLANG_WARN_UNGUARDED_AVAILABILITY = YES_AGGRESSIVE;
				CLANG_WARN_UNREACHABLE_CODE = YES;
				CLANG_WARN__DUPLICATE_METHOD_MATCH = YES;
				COPY_PHASE_STRIP = NO;
				DEBUG_INFORMATION_FORMAT = dwarf;
				ENABLE_STRICT_OBJC_MSGSEND = YES;
				ENABLE_TESTABILITY = YES;
				GCC_C_LANGUAGE_STANDARD = gnu11;
				GCC_DYNAMIC_NO_PIC = NO;
				GCC_NO_COMMON_BLOCKS = YES;
				GCC_OPTIMIZATION_LEVEL = 0;
				GCC_PREPROCESSOR_DEFINITIONS = (
					"DEBUG=1",
					"$(inherited)",
				);
				GCC_WARN_64_TO_32_BIT_CONVERSION = YES;
				GCC_WARN_ABOUT_RETURN_TYPE = YES_ERROR;
				GCC_WARN_UNDECLARED_SELECTOR = YES;
				GCC_WARN_UNINITIALIZED_AUTOS = YES_AGGRESSIVE;
				GCC_WARN_UNUSED_FUNCTION = YES;
				GCC_WARN_UNUSED_VARIABLE = YES;
				IPHONEOS_DEPLOYMENT_TARGET = 10.0;
				MTL_ENABLE_DEBUG_INFO = INCLUDE_SOURCE;
				MTL_FAST_MATH = YES;
				ONLY_ACTIVE_ARCH = YES;
				SDKROOT = iphoneos;
				SWIFT_ACTIVE_COMPILATION_CONDITIONS = DEBUG;
				SWIFT_OPTIMIZATION_LEVEL = "-Onone";
			};
			name = Debug;
		};
		168A39EF2661F853004FC38C /* Release */ = {
			isa = XCBuildConfiguration;
			buildSettings = {
				ALWAYS_SEARCH_USER_PATHS = NO;
				CLANG_ANALYZER_NONNULL = YES;
				CLANG_ANALYZER_NUMBER_OBJECT_CONVERSION = YES_AGGRESSIVE;
				CLANG_CXX_LANGUAGE_STANDARD = "gnu++14";
				CLANG_CXX_LIBRARY = "libc++";
				CLANG_ENABLE_MODULES = YES;
				CLANG_ENABLE_OBJC_ARC = YES;
				CLANG_ENABLE_OBJC_WEAK = YES;
				CLANG_WARN_BLOCK_CAPTURE_AUTORELEASING = YES;
				CLANG_WARN_BOOL_CONVERSION = YES;
				CLANG_WARN_COMMA = YES;
				CLANG_WARN_CONSTANT_CONVERSION = YES;
				CLANG_WARN_DEPRECATED_OBJC_IMPLEMENTATIONS = YES;
				CLANG_WARN_DIRECT_OBJC_ISA_USAGE = YES_ERROR;
				CLANG_WARN_DOCUMENTATION_COMMENTS = YES;
				CLANG_WARN_EMPTY_BODY = YES;
				CLANG_WARN_ENUM_CONVERSION = YES;
				CLANG_WARN_INFINITE_RECURSION = YES;
				CLANG_WARN_INT_CONVERSION = YES;
				CLANG_WARN_NON_LITERAL_NULL_CONVERSION = YES;
				CLANG_WARN_OBJC_IMPLICIT_RETAIN_SELF = YES;
				CLANG_WARN_OBJC_LITERAL_CONVERSION = YES;
				CLANG_WARN_OBJC_ROOT_CLASS = YES_ERROR;
				CLANG_WARN_QUOTED_INCLUDE_IN_FRAMEWORK_HEADER = YES;
				CLANG_WARN_RANGE_LOOP_ANALYSIS = YES;
				CLANG_WARN_STRICT_PROTOTYPES = YES;
				CLANG_WARN_SUSPICIOUS_MOVE = YES;
				CLANG_WARN_UNGUARDED_AVAILABILITY = YES_AGGRESSIVE;
				CLANG_WARN_UNREACHABLE_CODE = YES;
				CLANG_WARN__DUPLICATE_METHOD_MATCH = YES;
				COPY_PHASE_STRIP = NO;
				DEBUG_INFORMATION_FORMAT = "dwarf-with-dsym";
				ENABLE_NS_ASSERTIONS = NO;
				ENABLE_STRICT_OBJC_MSGSEND = YES;
				GCC_C_LANGUAGE_STANDARD = gnu11;
				GCC_NO_COMMON_BLOCKS = YES;
				GCC_WARN_64_TO_32_BIT_CONVERSION = YES;
				GCC_WARN_ABOUT_RETURN_TYPE = YES_ERROR;
				GCC_WARN_UNDECLARED_SELECTOR = YES;
				GCC_WARN_UNINITIALIZED_AUTOS = YES_AGGRESSIVE;
				GCC_WARN_UNUSED_FUNCTION = YES;
				GCC_WARN_UNUSED_VARIABLE = YES;
				IPHONEOS_DEPLOYMENT_TARGET = 10.0;
				MTL_ENABLE_DEBUG_INFO = NO;
				MTL_FAST_MATH = YES;
				SDKROOT = iphoneos;
				SWIFT_COMPILATION_MODE = wholemodule;
				SWIFT_OPTIMIZATION_LEVEL = "-O";
				VALIDATE_PRODUCT = YES;
			};
			name = Release;
		};
		168A39F12661F853004FC38C /* Debug */ = {
			isa = XCBuildConfiguration;
			buildSettings = {
				ASSETCATALOG_COMPILER_APPICON_NAME = AppIcon;
				ASSETCATALOG_COMPILER_GLOBAL_ACCENT_COLOR_NAME = AccentColor;
				CODE_SIGN_STYLE = Automatic;
				INFOPLIST_FILE = Tamboon/InfoDebug.plist;
				LD_RUNPATH_SEARCH_PATHS = (
					"$(inherited)",
					"@executable_path/Frameworks",
				);
				PRODUCT_BUNDLE_IDENTIFIER = com.github.ph9.Tamboon;
				PRODUCT_NAME = "$(TARGET_NAME)";
				SWIFT_VERSION = 5.0;
				TARGETED_DEVICE_FAMILY = "1,2";
			};
			name = Debug;
		};
		168A39F22661F853004FC38C /* Release */ = {
			isa = XCBuildConfiguration;
			buildSettings = {
				ASSETCATALOG_COMPILER_APPICON_NAME = AppIcon;
				ASSETCATALOG_COMPILER_GLOBAL_ACCENT_COLOR_NAME = AccentColor;
				CODE_SIGN_STYLE = Automatic;
				INFOPLIST_FILE = Tamboon/Info.plist;
				LD_RUNPATH_SEARCH_PATHS = (
					"$(inherited)",
					"@executable_path/Frameworks",
				);
				PRODUCT_BUNDLE_IDENTIFIER = com.github.ph9.Tamboon;
				PRODUCT_NAME = "$(TARGET_NAME)";
				SWIFT_VERSION = 5.0;
				TARGETED_DEVICE_FAMILY = "1,2";
			};
			name = Release;
		};
		168A39F42661F853004FC38C /* Debug */ = {
			isa = XCBuildConfiguration;
			buildSettings = {
				ALWAYS_EMBED_SWIFT_STANDARD_LIBRARIES = YES;
				BUNDLE_LOADER = "$(TEST_HOST)";
				CODE_SIGN_STYLE = Automatic;
				INFOPLIST_FILE = TamboonTests/Info.plist;
				LD_RUNPATH_SEARCH_PATHS = (
					"$(inherited)",
					"@executable_path/Frameworks",
					"@loader_path/Frameworks",
				);
				PRODUCT_BUNDLE_IDENTIFIER = com.github.ph9.TamboonTests;
				PRODUCT_NAME = "$(TARGET_NAME)";
				SWIFT_VERSION = 5.0;
				TARGETED_DEVICE_FAMILY = "1,2";
				TEST_HOST = "$(BUILT_PRODUCTS_DIR)/Tamboon.app/Tamboon";
			};
			name = Debug;
		};
		168A39F52661F853004FC38C /* Release */ = {
			isa = XCBuildConfiguration;
			buildSettings = {
				ALWAYS_EMBED_SWIFT_STANDARD_LIBRARIES = YES;
				BUNDLE_LOADER = "$(TEST_HOST)";
				CODE_SIGN_STYLE = Automatic;
				INFOPLIST_FILE = TamboonTests/Info.plist;
				LD_RUNPATH_SEARCH_PATHS = (
					"$(inherited)",
					"@executable_path/Frameworks",
					"@loader_path/Frameworks",
				);
				PRODUCT_BUNDLE_IDENTIFIER = com.github.ph9.TamboonTests;
				PRODUCT_NAME = "$(TARGET_NAME)";
				SWIFT_VERSION = 5.0;
				TARGETED_DEVICE_FAMILY = "1,2";
				TEST_HOST = "$(BUILT_PRODUCTS_DIR)/Tamboon.app/Tamboon";
			};
			name = Release;
		};
		168A39F72661F853004FC38C /* Debug */ = {
			isa = XCBuildConfiguration;
			buildSettings = {
				ALWAYS_EMBED_SWIFT_STANDARD_LIBRARIES = YES;
				CODE_SIGN_STYLE = Automatic;
				INFOPLIST_FILE = TamboonUITests/Info.plist;
				LD_RUNPATH_SEARCH_PATHS = (
					"$(inherited)",
					"@executable_path/Frameworks",
					"@loader_path/Frameworks",
				);
				PRODUCT_BUNDLE_IDENTIFIER = com.github.ph9.TamboonUITests;
				PRODUCT_NAME = "$(TARGET_NAME)";
				SWIFT_VERSION = 5.0;
				TARGETED_DEVICE_FAMILY = "1,2";
				TEST_TARGET_NAME = Tamboon;
			};
			name = Debug;
		};
		168A39F82661F853004FC38C /* Release */ = {
			isa = XCBuildConfiguration;
			buildSettings = {
				ALWAYS_EMBED_SWIFT_STANDARD_LIBRARIES = YES;
				CODE_SIGN_STYLE = Automatic;
				INFOPLIST_FILE = TamboonUITests/Info.plist;
				LD_RUNPATH_SEARCH_PATHS = (
					"$(inherited)",
					"@executable_path/Frameworks",
					"@loader_path/Frameworks",
				);
				PRODUCT_BUNDLE_IDENTIFIER = com.github.ph9.TamboonUITests;
				PRODUCT_NAME = "$(TARGET_NAME)";
				SWIFT_VERSION = 5.0;
				TARGETED_DEVICE_FAMILY = "1,2";
				TEST_TARGET_NAME = Tamboon;
			};
			name = Release;
		};
/* End XCBuildConfiguration section */

/* Begin XCConfigurationList section */
		168A39C12661F852004FC38C /* Build configuration list for PBXProject "Tamboon" */ = {
			isa = XCConfigurationList;
			buildConfigurations = (
				168A39EE2661F853004FC38C /* Debug */,
				168A39EF2661F853004FC38C /* Release */,
			);
			defaultConfigurationIsVisible = 0;
			defaultConfigurationName = Release;
		};
		168A39F02661F853004FC38C /* Build configuration list for PBXNativeTarget "Tamboon" */ = {
			isa = XCConfigurationList;
			buildConfigurations = (
				168A39F12661F853004FC38C /* Debug */,
				168A39F22661F853004FC38C /* Release */,
			);
			defaultConfigurationIsVisible = 0;
			defaultConfigurationName = Release;
		};
		168A39F32661F853004FC38C /* Build configuration list for PBXNativeTarget "TamboonTests" */ = {
			isa = XCConfigurationList;
			buildConfigurations = (
				168A39F42661F853004FC38C /* Debug */,
				168A39F52661F853004FC38C /* Release */,
			);
			defaultConfigurationIsVisible = 0;
			defaultConfigurationName = Release;
		};
		168A39F62661F853004FC38C /* Build configuration list for PBXNativeTarget "TamboonUITests" */ = {
			isa = XCConfigurationList;
			buildConfigurations = (
				168A39F72661F853004FC38C /* Debug */,
				168A39F82661F853004FC38C /* Release */,
			);
			defaultConfigurationIsVisible = 0;
			defaultConfigurationName = Release;
		};
/* End XCConfigurationList section */

/* Begin XCRemoteSwiftPackageReference section */
		16895FEB266DCE23001062FD /* XCRemoteSwiftPackageReference "Kingfisher" */ = {
			isa = XCRemoteSwiftPackageReference;
			repositoryURL = "https://github.com/onevcat/Kingfisher.git";
			requirement = {
				kind = upToNextMajorVersion;
				minimumVersion = 6.3.0;
			};
		};
		16F5708E266BC6380094D4EA /* XCRemoteSwiftPackageReference "omise-ios" */ = {
			isa = XCRemoteSwiftPackageReference;
			repositoryURL = "https://github.com/omise/omise-ios.git";
			requirement = {
				kind = upToNextMajorVersion;
				minimumVersion = 4.3.2;
			};
		};
/* End XCRemoteSwiftPackageReference section */

/* Begin XCSwiftPackageProductDependency section */
		16895FEC266DCE23001062FD /* Kingfisher */ = {
			isa = XCSwiftPackageProductDependency;
			package = 16895FEB266DCE23001062FD /* XCRemoteSwiftPackageReference "Kingfisher" */;
			productName = Kingfisher;
		};
		16F5708F266BC6380094D4EA /* OmiseSDK */ = {
			isa = XCSwiftPackageProductDependency;
			package = 16F5708E266BC6380094D4EA /* XCRemoteSwiftPackageReference "omise-ios" */;
			productName = OmiseSDK;
		};
/* End XCSwiftPackageProductDependency section */
	};
	rootObject = 168A39BE2661F852004FC38C /* Project object */;
}
